// !$*UTF8*$!
{
	archiveVersion = 1;
	classes = {
	};
	objectVersion = 77;
	objects = {

/* Begin PBXContainerItemProxy section */
		E67D77812F235DDF00C80187 /* PBXContainerItemProxy */ = {
			isa = PBXContainerItemProxy;
			containerPortal = E67D776B2F235DDE00C80187 /* Project object */;
			proxyType = 1;
			remoteGlobalIDString = E67D77722F235DDE00C80187;
			remoteInfo = ONGS;
		};
		E67D778B2F235DDF00C80187 /* PBXContainerItemProxy */ = {
			isa = PBXContainerItemProxy;
			containerPortal = E67D776B2F235DDE00C80187 /* Project object */;
			proxyType = 1;
			remoteGlobalIDString = E67D77722F235DDE00C80187;
			remoteInfo = ONGS;
		};
/* End PBXContainerItemProxy section */

/* Begin PBXFileReference section */
		E67D77732F235DDE00C80187 /* ONGS.app */ = {isa = PBXFileReference; explicitFileType = wrapper.application; includeInIndex = 0; path = ONGS.app; sourceTree = BUILT_PRODUCTS_DIR; };
		E67D77802F235DDF00C80187 /* ONGSTests.xctest */ = {isa = PBXFileReference; explicitFileType = wrapper.cfbundle; includeInIndex = 0; path = ONGSTests.xctest; sourceTree = BUILT_PRODUCTS_DIR; };
		E67D778A2F235DDF00C80187 /* ONGSUITests.xctest */ = {isa = PBXFileReference; explicitFileType = wrapper.cfbundle; includeInIndex = 0; path = ONGSUITests.xctest; sourceTree = BUILT_PRODUCTS_DIR; };
/* End PBXFileReference section */

/* Begin PBXFileSystemSynchronizedBuildFileExceptionSet section */
		E692E28C2FF98EC300AAF670 /* Exceptions for "ONGS" folder in "ONGS" target */ = {
			isa = PBXFileSystemSynchronizedBuildFileExceptionSet;
			membershipExceptions = (
				Info.plist,
			);
			target = E67D77722F235DDE00C80187 /* ONGS */;
		};
/* End PBXFileSystemSynchronizedBuildFileExceptionSet section */

/* Begin PBXFileSystemSynchronizedGroupBuildPhaseMembershipExceptionSet section */
		E67ACF332F353F6C00551669 /* Exceptions for "ONGS" folder in "Compile Sources" phase from "ONGS" target */ = {
			isa = PBXFileSystemSynchronizedGroupBuildPhaseMembershipExceptionSet;
			buildPhase = E67D776F2F235DDE00C80187 /* Sources */;
			membershipExceptions = (
				Resources/OngsSimplifiedList.JSON,
			);
		};
/* End PBXFileSystemSynchronizedGroupBuildPhaseMembershipExceptionSet section */

/* Begin PBXFileSystemSynchronizedRootGroup section */
		E67D77752F235DDE00C80187 /* ONGS */ = {
			isa = PBXFileSystemSynchronizedRootGroup;
			exceptions = (
				E692E28C2FF98EC300AAF670 /* Exceptions for "ONGS" folder in "ONGS" target */,
				E67ACF332F353F6C00551669 /* Exceptions for "ONGS" folder in "Compile Sources" phase from "ONGS" target */,
			);
			path = ONGS;
			sourceTree = "<group>";
		};
		E67D77832F235DDF00C80187 /* ONGSTests */ = {
			isa = PBXFileSystemSynchronizedRootGroup;
			path = ONGSTests;
			sourceTree = "<group>";
		};
		E67D778D2F235DDF00C80187 /* ONGSUITests */ = {
			isa = PBXFileSystemSynchronizedRootGroup;
			path = ONGSUITests;
			sourceTree = "<group>";
		};
/* End PBXFileSystemSynchronizedRootGroup section */

/* Begin PBXFrameworksBuildPhase section */
		E67D77702F235DDE00C80187 /* Frameworks */ = {
			isa = PBXFrameworksBuildPhase;
			buildActionMask = 2147483647;
			files = (
			);
			runOnlyForDeploymentPostprocessing = 0;
		};
		E67D777D2F235DDF00C80187 /* Frameworks */ = {
			isa = PBXFrameworksBuildPhase;
			buildActionMask = 2147483647;
			files = (
			);
			runOnlyForDeploymentPostprocessing = 0;
		};
		E67D77872F235DDF00C80187 /* Frameworks */ = {
			isa = PBXFrameworksBuildPhase;
			buildActionMask = 2147483647;
			files = (
			);
			runOnlyForDeploymentPostprocessing = 0;
		};
/* End PBXFrameworksBuildPhase section */

/* Begin PBXGroup section */
		E67D776A2F235DDE00C80187 = {
			isa = PBXGroup;
			children = (
				E67D77752F235DDE00C80187 /* ONGS */,
				E67D77832F235DDF00C80187 /* ONGSTests */,
				E67D778D2F235DDF00C80187 /* ONGSUITests */,
				E67D77742F235DDE00C80187 /* Products */,
			);
			sourceTree = "<group>";
		};
		E67D77742F235DDE00C80187 /* Products */ = {
			isa = PBXGroup;
			children = (
				E67D77732F235DDE00C80187 /* ONGS.app */,
				E67D77802F235DDF00C80187 /* ONGSTests.xctest */,
				E67D778A2F235DDF00C80187 /* ONGSUITests.xctest */,
			);
			name = Products;
			sourceTree = "<group>";
		};
/* End PBXGroup section */

/* Begin PBXNativeTarget section */
		E67D77722F235DDE00C80187 /* ONGS */ = {
			isa = PBXNativeTarget;
			buildConfigurationList = E67D77942F235DDF00C80187 /* Build configuration list for PBXNativeTarget "ONGS" */;
			buildPhases = (
				E67D776F2F235DDE00C80187 /* Sources */,
				E67D77702F235DDE00C80187 /* Frameworks */,
				E67D77712F235DDE00C80187 /* Resources */,
			);
			buildRules = (
			);
			dependencies = (
			);
			fileSystemSynchronizedGroups = (
				E67D77752F235DDE00C80187 /* ONGS */,
			);
			name = ONGS;
			packageProductDependencies = (
			);
			productName = ONGS;
			productReference = E67D77732F235DDE00C80187 /* ONGS.app */;
			productType = "com.apple.product-type.application";
		};
		E67D777F2F235DDF00C80187 /* ONGSTests */ = {
			isa = PBXNativeTarget;
			buildConfigurationList = E67D77972F235DDF00C80187 /* Build configuration list for PBXNativeTarget "ONGSTests" */;
			buildPhases = (
				E67D777C2F235DDF00C80187 /* Sources */,
				E67D777D2F235DDF00C80187 /* Frameworks */,
				E67D777E2F235DDF00C80187 /* Resources */,
			);
			buildRules = (
			);
			dependencies = (
				E67D77822F235DDF00C80187 /* PBXTargetDependency */,
			);
			fileSystemSynchronizedGroups = (
				E67D77832F235DDF00C80187 /* ONGSTests */,
			);
			name = ONGSTests;
			packageProductDependencies = (
			);
			productName = ONGSTests;
			productReference = E67D77802F235DDF00C80187 /* ONGSTests.xctest */;
			productType = "com.apple.product-type.bundle.unit-test";
		};
		E67D77892F235DDF00C80187 /* ONGSUITests */ = {
			isa = PBXNativeTarget;
			buildConfigurationList = E67D779A2F235DDF00C80187 /* Build configuration list for PBXNativeTarget "ONGSUITests" */;
			buildPhases = (
				E67D77862F235DDF00C80187 /* Sources */,
				E67D77872F235DDF00C80187 /* Frameworks */,
				E67D77882F235DDF00C80187 /* Resources */,
			);
			buildRules = (
			);
			dependencies = (
				E67D778C2F235DDF00C80187 /* PBXTargetDependency */,
			);
			fileSystemSynchronizedGroups = (
				E67D778D2F235DDF00C80187 /* ONGSUITests */,
			);
			name = ONGSUITests;
			packageProductDependencies = (
			);
			productName = ONGSUITests;
			productReference = E67D778A2F235DDF00C80187 /* ONGSUITests.xctest */;
			productType = "com.apple.product-type.bundle.ui-testing";
		};
/* End PBXNativeTarget section */

/* Begin PBXProject section */
		E67D776B2F235DDE00C80187 /* Project object */ = {
			isa = PBXProject;
			attributes = {
				BuildIndependentTargetsInParallel = 1;
				LastSwiftUpdateCheck = 1640;
				LastUpgradeCheck = 1640;
				TargetAttributes = {
					E67D77722F235DDE00C80187 = {
						CreatedOnToolsVersion = 16.4;
					};
					E67D777F2F235DDF00C80187 = {
						CreatedOnToolsVersion = 16.4;
						TestTargetID = E67D77722F235DDE00C80187;
					};
					E67D77892F235DDF00C80187 = {
						CreatedOnToolsVersion = 16.4;
						TestTargetID = E67D77722F235DDE00C80187;
					};
				};
			};
			buildConfigurationList = E67D776E2F235DDE00C80187 /* Build configuration list for PBXProject "ONGS" */;
			developmentRegion = en;
			hasScannedForEncodings = 0;
			knownRegions = (
				en,
				Base,
			);
			mainGroup = E67D776A2F235DDE00C80187;
			minimizedProjectReferenceProxies = 1;
			preferredProjectObjectVersion = 77;
			productRefGroup = E67D77742F235DDE00C80187 /* Products */;
			projectDirPath = "";
			projectRoot = "";
			targets = (
				E67D77722F235DDE00C80187 /* ONGS */,
				E67D777F2F235DDF00C80187 /* ONGSTests */,
				E67D77892F235DDF00C80187 /* ONGSUITests */,
			);
		};
/* End PBXProject section */

/* Begin PBXResourcesBuildPhase section */
		E67D77712F235DDE00C80187 /* Resources */ = {
			isa = PBXResourcesBuildPhase;
			buildActionMask = 2147483647;
			files = (
			);
			runOnlyForDeploymentPostprocessing = 0;
		};
		E67D777E2F235DDF00C80187 /* Resources */ = {
			isa = PBXResourcesBuildPhase;
			buildActionMask = 2147483647;
			files = (
			);
			runOnlyForDeploymentPostprocessing = 0;
		};
		E67D77882F235DDF00C80187 /* Resources */ = {
			isa = PBXResourcesBuildPhase;
			buildActionMask = 2147483647;
			files = (
			);
			runOnlyForDeploymentPostprocessing = 0;
		};
/* End PBXResourcesBuildPhase section */

/* Begin PBXSourcesBuildPhase section */
		E67D776F2F235DDE00C80187 /* Sources */ = {
			isa = PBXSourcesBuildPhase;
			buildActionMask = 2147483647;
			files = (
			);
			runOnlyForDeploymentPostprocessing = 0;
		};
		E67D777C2F235DDF00C80187 /* Sources */ = {
			isa = PBXSourcesBuildPhase;
			buildActionMask = 2147483647;
			files = (
			);
			runOnlyForDeploymentPostprocessing = 0;
		};
		E67D77862F235DDF00C80187 /* Sources */ = {
			isa = PBXSourcesBuildPhase;
			buildActionMask = 2147483647;
			files = (
			);
			runOnlyForDeploymentPostprocessing = 0;
		};
/* End PBXSourcesBuildPhase section */

/* Begin PBXTargetDependency section */
		E67D77822F235DDF00C80187 /* PBXTargetDependency */ = {
			isa = PBXTargetDependency;
			target = E67D77722F235DDE00C80187 /* ONGS */;
			targetProxy = E67D77812F235DDF00C80187 /* PBXContainerItemProxy */;
		};
		E67D778C2F235DDF00C80187 /* PBXTargetDependency */ = {
			isa = PBXTargetDependency;
			target = E67D77722F235DDE00C80187 /* ONGS */;
			targetProxy = E67D778B2F235DDF00C80187 /* PBXContainerItemProxy */;
		};
/* End PBXTargetDependency section */

/* Begin XCBuildConfiguration section */
		E67D77922F235DDF00C80187 /* Debug */ = {
			isa = XCBuildConfiguration;
			buildSettings = {
				ALWAYS_SEARCH_USER_PATHS = NO;
				ASSETCATALOG_COMPILER_GENERATE_SWIFT_ASSET_SYMBOL_EXTENSIONS = YES;
				CLANG_ANALYZER_NONNULL = YES;
				CLANG_ANALYZER_NUMBER_OBJECT_CONVERSION = YES_AGGRESSIVE;
				CLANG_CXX_LANGUAGE_STANDARD = "gnu++20";
				CLANG_ENABLE_MODULES = YES;
				CLANG_ENABLE_OBJC_ARC = YES;
				CLANG_ENABLE_OBJC_WEAK = YES;
				CLANG_WARN_BLOCK_CAPTURE_AUTORELEASING = YES;
				CLANG_WARN_BOOL_CONVERSION = YES;
				CLANG_WARN_COMMA = YES;
				CLANG_WARN_CONSTANT_CONVERSION = YES;
				CLANG_WARN_DEPRECATED_OBJC_IMPLEMENTATIONS = YES;
				CLANG_WARN_DIRECT_OBJC_ISA_USAGE = YES_ERROR;
				CLANG_WARN_DOCUMENTATION_COMMENTS = YES;
				CLANG_WARN_EMPTY_BODY = YES;
				CLANG_WARN_ENUM_CONVERSION = YES;
				CLANG_WARN_INFINITE_RECURSION = YES;
				CLANG_WARN_INT_CONVERSION = YES;
				CLANG_WARN_NON_LITERAL_NULL_CONVERSION = YES;
				CLANG_WARN_OBJC_IMPLICIT_RETAIN_SELF = YES;
				CLANG_WARN_OBJC_LITERAL_CONVERSION = YES;
				CLANG_WARN_OBJC_ROOT_CLASS = YES_ERROR;
				CLANG_WARN_QUOTED_INCLUDE_IN_FRAMEWORK_HEADER = YES;
				CLANG_WARN_RANGE_LOOP_ANALYSIS = YES;
				CLANG_WARN_STRICT_PROTOTYPES = YES;
				CLANG_WARN_SUSPICIOUS_MOVE = YES;
				CLANG_WARN_UNGUARDED_AVAILABILITY = YES_AGGRESSIVE;
				CLANG_WARN_UNREACHABLE_CODE = YES;
				CLANG_WARN__DUPLICATE_METHOD_MATCH = YES;
				COPY_PHASE_STRIP = NO;
				DEBUG_INFORMATION_FORMAT = dwarf;
				DEVELOPMENT_TEAM = 6367ZH4ZBS;
				ENABLE_STRICT_OBJC_MSGSEND = YES;
				ENABLE_TESTABILITY = YES;
				ENABLE_USER_SCRIPT_SANDBOXING = YES;
				GCC_C_LANGUAGE_STANDARD = gnu17;
				GCC_DYNAMIC_NO_PIC = NO;
				GCC_NO_COMMON_BLOCKS = YES;
				GCC_OPTIMIZATION_LEVEL = 0;
				GCC_PREPROCESSOR_DEFINITIONS = (
					"DEBUG=1",
					"$(inherited)",
				);
				GCC_WARN_64_TO_32_BIT_CONVERSION = YES;
				GCC_WARN_ABOUT_RETURN_TYPE = YES_ERROR;
				GCC_WARN_UNDECLARED_SELECTOR = YES;
				GCC_WARN_UNINITIALIZED_AUTOS = YES_AGGRESSIVE;
				GCC_WARN_UNUSED_FUNCTION = YES;
				GCC_WARN_UNUSED_VARIABLE = YES;
				IPHONEOS_DEPLOYMENT_TARGET = 18.5;
				LOCALIZATION_PREFERS_STRING_CATALOGS = YES;
				MTL_ENABLE_DEBUG_INFO = INCLUDE_SOURCE;
				MTL_FAST_MATH = YES;
				ONLY_ACTIVE_ARCH = YES;
				SDKROOT = iphoneos;
				SWIFT_ACTIVE_COMPILATION_CONDITIONS = "DEBUG $(inherited)";
				SWIFT_OPTIMIZATION_LEVEL = "-Onone";
			};
			name = Debug;
		};
		E67D77932F235DDF00C80187 /* Release */ = {
			isa = XCBuildConfiguration;
			buildSettings = {
				ALWAYS_SEARCH_USER_PATHS = NO;
				ASSETCATALOG_COMPILER_GENERATE_SWIFT_ASSET_SYMBOL_EXTENSIONS = YES;
				CLANG_ANALYZER_NONNULL = YES;
				CLANG_ANALYZER_NUMBER_OBJECT_CONVERSION = YES_AGGRESSIVE;
				CLANG_CXX_LANGUAGE_STANDARD = "gnu++20";
				CLANG_ENABLE_MODULES = YES;
				CLANG_ENABLE_OBJC_ARC = YES;
				CLANG_ENABLE_OBJC_WEAK = YES;
				CLANG_WARN_BLOCK_CAPTURE_AUTORELEASING = YES;
				CLANG_WARN_BOOL_CONVERSION = YES;
				CLANG_WARN_COMMA = YES;
				CLANG_WARN_CONSTANT_CONVERSION = YES;
				CLANG_WARN_DEPRECATED_OBJC_IMPLEMENTATIONS = YES;
				CLANG_WARN_DIRECT_OBJC_ISA_USAGE = YES_ERROR;
				CLANG_WARN_DOCUMENTATION_COMMENTS = YES;
				CLANG_WARN_EMPTY_BODY = YES;
				CLANG_WARN_ENUM_CONVERSION = YES;
				CLANG_WARN_INFINITE_RECURSION = YES;
				CLANG_WARN_INT_CONVERSION = YES;
				CLANG_WARN_NON_LITERAL_NULL_CONVERSION = YES;
				CLANG_WARN_OBJC_IMPLICIT_RETAIN_SELF = YES;
				CLANG_WARN_OBJC_LITERAL_CONVERSION = YES;
				CLANG_WARN_OBJC_ROOT_CLASS = YES_ERROR;
				CLANG_WARN_QUOTED_INCLUDE_IN_FRAMEWORK_HEADER = YES;
				CLANG_WARN_RANGE_LOOP_ANALYSIS = YES;
				CLANG_WARN_STRICT_PROTOTYPES = YES;
				CLANG_WARN_SUSPICIOUS_MOVE = YES;
				CLANG_WARN_UNGUARDED_AVAILABILITY = YES_AGGRESSIVE;
				CLANG_WARN_UNREACHABLE_CODE = YES;
				CLANG_WARN__DUPLICATE_METHOD_MATCH = YES;
				COPY_PHASE_STRIP = NO;
				DEBUG_INFORMATION_FORMAT = "dwarf-with-dsym";
				DEVELOPMENT_TEAM = 6367ZH4ZBS;
				ENABLE_NS_ASSERTIONS = NO;
				ENABLE_STRICT_OBJC_MSGSEND = YES;
				ENABLE_USER_SCRIPT_SANDBOXING = YES;
				GCC_C_LANGUAGE_STANDARD = gnu17;
				GCC_NO_COMMON_BLOCKS = YES;
				GCC_WARN_64_TO_32_BIT_CONVERSION = YES;
				GCC_WARN_ABOUT_RETURN_TYPE = YES_ERROR;
				GCC_WARN_UNDECLARED_SELECTOR = YES;
				GCC_WARN_UNINITIALIZED_AUTOS = YES_AGGRESSIVE;
				GCC_WARN_UNUSED_FUNCTION = YES;
				GCC_WARN_UNUSED_VARIABLE = YES;
				IPHONEOS_DEPLOYMENT_TARGET = 18.5;
				LOCALIZATION_PREFERS_STRING_CATALOGS = YES;
				MTL_ENABLE_DEBUG_INFO = NO;
				MTL_FAST_MATH = YES;
				SDKROOT = iphoneos;
				SWIFT_COMPILATION_MODE = wholemodule;
				VALIDATE_PRODUCT = YES;
			};
			name = Release;
		};
		E67D77952F235DDF00C80187 /* Debug */ = {
			isa = XCBuildConfiguration;
			buildSettings = {
				ASSETCATALOG_COMPILER_APPICON_NAME = AppIcon;
				ASSETCATALOG_COMPILER_GLOBAL_ACCENT_COLOR_NAME = AccentColor;
				CODE_SIGN_STYLE = Automatic;
				CURRENT_PROJECT_VERSION = 1;
				DEVELOPMENT_TEAM = 6367ZH4ZBS;
				ENABLE_PREVIEWS = YES;
				GENERATE_INFOPLIST_FILE = YES;
				INFOPLIST_FILE = ONGS/Info.plist;
				INFOPLIST_KEY_NSLocationWhenInUseUsageDescription = "Usamos sua localização para mostrar ONGs próximas de você.";
				INFOPLIST_KEY_UIApplicationSceneManifest_Generation = YES;
				INFOPLIST_KEY_UIApplicationSupportsIndirectInputEvents = YES;
				INFOPLIST_KEY_UILaunchScreen_Generation = YES;
				INFOPLIST_KEY_UISupportedInterfaceOrientations_iPad = "UIInterfaceOrientationPortrait UIInterfaceOrientationPortraitUpsideDown UIInterfaceOrientationLandscapeLeft UIInterfaceOrientationLandscapeRight";
				INFOPLIST_KEY_UISupportedInterfaceOrientations_iPhone = "UIInterfaceOrientationPortrait UIInterfaceOrientationLandscapeLeft UIInterfaceOrientationLandscapeRight";
				LD_RUNPATH_SEARCH_PATHS = (
					"$(inherited)",
					"@executable_path/Frameworks",
				);
				MARKETING_VERSION = 1.0;
				PRODUCT_BUNDLE_IDENTIFIER = gabriel.sabanai.ONGS;
				PRODUCT_NAME = "$(TARGET_NAME)";
				SWIFT_EMIT_LOC_STRINGS = YES;
				SWIFT_VERSION = 5.0;
				TARGETED_DEVICE_FAMILY = "1,2";
			};
			name = Debug;
		};
		E67D77962F235DDF00C80187 /* Release */ = {
			isa = XCBuildConfiguration;
			buildSettings = {
				ASSETCATALOG_COMPILER_APPICON_NAME = AppIcon;
				ASSETCATALOG_COMPILER_GLOBAL_ACCENT_COLOR_NAME = AccentColor;
				CODE_SIGN_STYLE = Automatic;
				CURRENT_PROJECT_VERSION = 1;
				DEVELOPMENT_TEAM = 6367ZH4ZBS;
				ENABLE_PREVIEWS = YES;
				GENERATE_INFOPLIST_FILE = YES;
				INFOPLIST_FILE = ONGS/Info.plist;
				INFOPLIST_KEY_NSLocationWhenInUseUsageDescription = "Usamos sua localização para mostrar ONGs próximas de você.";
				INFOPLIST_KEY_UIApplicationSceneManifest_Generation = YES;
				INFOPLIST_KEY_UIApplicationSupportsIndirectInputEvents = YES;
				INFOPLIST_KEY_UILaunchScreen_Generation = YES;
				INFOPLIST_KEY_UISupportedInterfaceOrientations_iPad = "UIInterfaceOrientationPortrait UIInterfaceOrientationPortraitUpsideDown UIInterfaceOrientationLandscapeLeft UIInterfaceOrientationLandscapeRight";
				INFOPLIST_KEY_UISupportedInterfaceOrientations_iPhone = "UIInterfaceOrientationPortrait UIInterfaceOrientationLandscapeLeft UIInterfaceOrientationLandscapeRight";
				LD_RUNPATH_SEARCH_PATHS = (
					"$(inherited)",
					"@executable_path/Frameworks",
				);
				MARKETING_VERSION = 1.0;
				PRODUCT_BUNDLE_IDENTIFIER = gabriel.sabanai.ONGS;
				PRODUCT_NAME = "$(TARGET_NAME)";
				SWIFT_EMIT_LOC_STRINGS = YES;
				SWIFT_VERSION = 5.0;
				TARGETED_DEVICE_FAMILY = "1,2";
			};
			name = Release;
		};
		E67D77982F235DDF00C80187 /* Debug */ = {
			isa = XCBuildConfiguration;
			buildSettings = {
				BUNDLE_LOADER = "$(TEST_HOST)";
				CODE_SIGN_STYLE = Automatic;
				CURRENT_PROJECT_VERSION = 1;
				DEVELOPMENT_TEAM = 6367ZH4ZBS;
				GENERATE_INFOPLIST_FILE = YES;
				IPHONEOS_DEPLOYMENT_TARGET = 18.5;
				MARKETING_VERSION = 1.0;
				PRODUCT_BUNDLE_IDENTIFIER = gabriel.sabanai.ONGSTests;
				PRODUCT_NAME = "$(TARGET_NAME)";
				SWIFT_EMIT_LOC_STRINGS = NO;
				SWIFT_VERSION = 5.0;
				TARGETED_DEVICE_FAMILY = "1,2";
				TEST_HOST = "$(BUILT_PRODUCTS_DIR)/ONGS.app/$(BUNDLE_EXECUTABLE_FOLDER_PATH)/ONGS";
			};
			name = Debug;
		};
		E67D77992F235DDF00C80187 /* Release */ = {
			isa = XCBuildConfiguration;
			buildSettings = {
				BUNDLE_LOADER = "$(TEST_HOST)";
				CODE_SIGN_STYLE = Automatic;
				CURRENT_PROJECT_VERSION = 1;
				DEVELOPMENT_TEAM = 6367ZH4ZBS;
				GENERATE_INFOPLIST_FILE = YES;
				IPHONEOS_DEPLOYMENT_TARGET = 18.5;
				MARKETING_VERSION = 1.0;
				PRODUCT_BUNDLE_IDENTIFIER = gabriel.sabanai.ONGSTests;
				PRODUCT_NAME = "$(TARGET_NAME)";
				SWIFT_EMIT_LOC_STRINGS = NO;
				SWIFT_VERSION = 5.0;
				TARGETED_DEVICE_FAMILY = "1,2";
				TEST_HOST = "$(BUILT_PRODUCTS_DIR)/ONGS.app/$(BUNDLE_EXECUTABLE_FOLDER_PATH)/ONGS";
			};
			name = Release;
		};
		E67D779B2F235DDF00C80187 /* Debug */ = {
			isa = XCBuildConfiguration;
			buildSettings = {
				CODE_SIGN_STYLE = Automatic;
				CURRENT_PROJECT_VERSION = 1;
				DEVELOPMENT_TEAM = 6367ZH4ZBS;
				GENERATE_INFOPLIST_FILE = YES;
				MARKETING_VERSION = 1.0;
				PRODUCT_BUNDLE_IDENTIFIER = gabriel.sabanai.ONGSUITests;
				PRODUCT_NAME = "$(TARGET_NAME)";
				SWIFT_EMIT_LOC_STRINGS = NO;
				SWIFT_VERSION = 5.0;
				TARGETED_DEVICE_FAMILY = "1,2";
				TEST_TARGET_NAME = ONGS;
			};
			name = Debug;
		};
		E67D779C2F235DDF00C80187 /* Release */ = {
			isa = XCBuildConfiguration;
			buildSettings = {
				CODE_SIGN_STYLE = Automatic;
				CURRENT_PROJECT_VERSION = 1;
				DEVELOPMENT_TEAM = 6367ZH4ZBS;
				GENERATE_INFOPLIST_FILE = YES;
				MARKETING_VERSION = 1.0;
				PRODUCT_BUNDLE_IDENTIFIER = gabriel.sabanai.ONGSUITests;
				PRODUCT_NAME = "$(TARGET_NAME)";
				SWIFT_EMIT_LOC_STRINGS = NO;
				SWIFT_VERSION = 5.0;
				TARGETED_DEVICE_FAMILY = "1,2";
				TEST_TARGET_NAME = ONGS;
			};
			name = Release;
		};
/* End XCBuildConfiguration section */

/* Begin XCConfigurationList section */
		E67D776E2F235DDE00C80187 /* Build configuration list for PBXProject "ONGS" */ = {
			isa = XCConfigurationList;
			buildConfigurations = (
				E67D77922F235DDF00C80187 /* Debug */,
				E67D77932F235DDF00C80187 /* Release */,
			);
			defaultConfigurationIsVisible = 0;
			defaultConfigurationName = Release;
		};
		E67D77942F235DDF00C80187 /* Build configuration list for PBXNativeTarget "ONGS" */ = {
			isa = XCConfigurationList;
			buildConfigurations = (
				E67D77952F235DDF00C80187 /* Debug */,
				E67D77962F235DDF00C80187 /* Release */,
			);
			defaultConfigurationIsVisible = 0;
			defaultConfigurationName = Release;
		};
		E67D77972F235DDF00C80187 /* Build configuration list for PBXNativeTarget "ONGSTests" */ = {
			isa = XCConfigurationList;
			buildConfigurations = (
				E67D77982F235DDF00C80187 /* Debug */,
				E67D77992F235DDF00C80187 /* Release */,
			);
			defaultConfigurationIsVisible = 0;
			defaultConfigurationName = Release;
		};
		E67D779A2F235DDF00C80187 /* Build configuration list for PBXNativeTarget "ONGSUITests" */ = {
			isa = XCConfigurationList;
			buildConfigurations = (
				E67D779B2F235DDF00C80187 /* Debug */,
				E67D779C2F235DDF00C80187 /* Release */,
			);
			defaultConfigurationIsVisible = 0;
			defaultConfigurationName = Release;
		};
/* End XCConfigurationList section */
	};
	rootObject = E67D776B2F235DDE00C80187 /* Project object */;
}
